
Microsoft Visual Studio Solution File, Format Version 12.00
# Visual Studio Version 17
VisualStudioVersion = 17.13.35919.96 d17.13
MinimumVisualStudioVersion = 10.0.40219.1
Project("{FAE04EC0-301F-11D3-BF4B-00C04F79EFBC}") = "Gestão Empresa", "Sistema Financeiro\Gestão Empresa.csproj", "{9BECA012-A49D-4E00-AE30-4372F7CA0668}"
EndProject
Global
	GlobalSection(SolutionConfigurationPlatforms) = preSolution
		Debug|Any CPU = Debug|Any CPU
		Release|Any CPU = Release|Any CPU
	EndGlobalSection
	GlobalSection(ProjectConfigurationPlatforms) = postSolution
		{9BECA012-A49D-4E00-AE30-4372F7CA0668}.Debug|Any CPU.ActiveCfg = Debug|Any CPU
		{9BECA012-A49D-4E00-AE30-4372F7CA0668}.Debug|Any CPU.Build.0 = Debug|Any CPU
		{9BECA012-A49D-4E00-AE30-4372F7CA0668}.Release|Any CPU.ActiveCfg = Release|Any CPU
		{9BECA012-A49D-4E00-AE30-4372F7CA0668}.Release|Any CPU.Build.0 = Release|Any CPU
	EndGlobalSection
	GlobalSection(SolutionProperties) = preSolution
		HideSolutionNode = FALSE
	EndGlobalSection
	GlobalSection(ExtensibilityGlobals) = postSolution
		SolutionGuid = {CE186A9B-42C0-45DB-8823-967B5FE17ED8}
	EndGlobalSection
EndGlobal
